
Microsoft Visual Studio Solution File, Format Version 12.00
# Visual Studio Version 16
VisualStudioVersion = 16.0.31205.134
MinimumVisualStudioVersion = 10.0.40219.1
Project("{D954291E-2A0B-460D-934E-DC6B0785DB48}") = "POSUNO.Shared", "POSUNO.Shared\POSUNO.Shared.shproj", "{6279C845-92F8-4333-AB99-3D213163593C}"
EndProject
Project("{2150E333-8FDC-42A3-9474-1A3956D46DE8}") = "Platforms", "Platforms", "{B4E02728-F125-45DE-B4AC-5F7AF7E4BD65}"
EndProject
Project("{FAE04EC0-301F-11D3-BF4B-00C04F79EFBC}") = "POSUNO.Droid", "POSUNO.Droid\POSUNO.Droid.csproj", "{8ABBE77D-30CC-4BE5-99A0-DE2D0980C373}"
EndProject
Project("{FAE04EC0-301F-11D3-BF4B-00C04F79EFBC}") = "POSUNO.iOS", "POSUNO.iOS\POSUNO.iOS.csproj", "{8B8CD21F-2136-4D9E-900B-D000BF9F7C17}"
EndProject
Project("{FAE04EC0-301F-11D3-BF4B-00C04F79EFBC}") = "POSUNO.UWP", "POSUNO.UWP\POSUNO.UWP.csproj", "{C32EF642-1CDB-43A3-B76C-5E1BD36625E8}"
EndProject
Project("{FAE04EC0-301F-11D3-BF4B-00C04F79EFBC}") = "POSUNO.Wasm", "POSUNO.Wasm\POSUNO.Wasm.csproj", "{30E95DC3-75EF-499C-A21E-0900577581C9}"
EndProject
Project("{FAE04EC0-301F-11D3-BF4B-00C04F79EFBC}") = "POSUNO.macOS", "POSUNO.macOS\POSUNO.macOS.csproj", "{0FEE0666-8981-454E-9A1A-F8E69EA84CAD}"
EndProject
Project("{FAE04EC0-301F-11D3-BF4B-00C04F79EFBC}") = "POSUNO.Skia.Wpf.Host", "POSUNO.Skia.Wpf.Host\POSUNO.Skia.Wpf.Host.csproj", "{DE94610E-187E-420E-A918-11DE7F734283}"
EndProject
Project("{FAE04EC0-301F-11D3-BF4B-00C04F79EFBC}") = "POSUNO.Skia.Wpf", "POSUNO.Skia.Wpf\POSUNO.Skia.Wpf.csproj", "{50177C5E-08F6-4745-88B2-96FD8DFA0C85}"
EndProject
Project("{FAE04EC0-301F-11D3-BF4B-00C04F79EFBC}") = "POSUNO.Skia.Gtk", "POSUNO.Skia.Gtk\POSUNO.Skia.Gtk.csproj", "{FDCF6568-44F5-4AA1-912E-668967EE626E}"
EndProject
Project("{FAE04EC0-301F-11D3-BF4B-00C04F79EFBC}") = "POSUNO.Skia.Tizen", "POSUNO.Skia.Tizen\POSUNO.Skia.Tizen.csproj", "{046AEFA0-221A-4141-8A5C-7ED4F4C5B898}"
EndProject
Project("{FAE04EC0-301F-11D3-BF4B-00C04F79EFBC}") = "POSUNO.Api", "POSUNO.Api\POSUNO.Api.csproj", "{D9B575AC-E10C-410E-8829-C91D5BF9530B}"
EndProject
Global
	GlobalSection(SharedMSBuildProjectFiles) = preSolution
		POSUNO.Shared\POSUNO.Shared.projitems*{046aefa0-221a-4141-8a5c-7ed4f4c5b898}*SharedItemsImports = 5
		POSUNO.Shared\POSUNO.Shared.projitems*{0fee0666-8981-454e-9a1a-f8e69ea84cad}*SharedItemsImports = 4
		POSUNO.Shared\POSUNO.Shared.projitems*{30e95dc3-75ef-499c-a21e-0900577581c9}*SharedItemsImports = 5
		POSUNO.Shared\POSUNO.Shared.projitems*{50177c5e-08f6-4745-88b2-96fd8dfa0c85}*SharedItemsImports = 5
		POSUNO.Shared\POSUNO.Shared.projitems*{6279c845-92f8-4333-ab99-3d213163593c}*SharedItemsImports = 13
		POSUNO.Shared\POSUNO.Shared.projitems*{8abbe77d-30cc-4be5-99a0-de2d0980c373}*SharedItemsImports = 4
		POSUNO.Shared\POSUNO.Shared.projitems*{8b8cd21f-2136-4d9e-900b-d000bf9f7c17}*SharedItemsImports = 4
		POSUNO.Shared\POSUNO.Shared.projitems*{c32ef642-1cdb-43a3-b76c-5e1bd36625e8}*SharedItemsImports = 4
		POSUNO.Shared\POSUNO.Shared.projitems*{fdcf6568-44f5-4aa1-912e-668967ee626e}*SharedItemsImports = 5
	EndGlobalSection
	GlobalSection(SolutionConfigurationPlatforms) = preSolution
		Ad-Hoc|Any CPU = Ad-Hoc|Any CPU
		Ad-Hoc|ARM = Ad-Hoc|ARM
		Ad-Hoc|ARM64 = Ad-Hoc|ARM64
		Ad-Hoc|iPhone = Ad-Hoc|iPhone
		Ad-Hoc|iPhoneSimulator = Ad-Hoc|iPhoneSimulator
		Ad-Hoc|x64 = Ad-Hoc|x64
		Ad-Hoc|x86 = Ad-Hoc|x86
		AppStore|Any CPU = AppStore|Any CPU
		AppStore|ARM = AppStore|ARM
		AppStore|ARM64 = AppStore|ARM64
		AppStore|iPhone = AppStore|iPhone
		AppStore|iPhoneSimulator = AppStore|iPhoneSimulator
		AppStore|x64 = AppStore|x64
		AppStore|x86 = AppStore|x86
		Debug|Any CPU = Debug|Any CPU
		Debug|ARM = Debug|ARM
		Debug|ARM64 = Debug|ARM64
		Debug|iPhone = Debug|iPhone
		Debug|iPhoneSimulator = Debug|iPhoneSimulator
		Debug|x64 = Debug|x64
		Debug|x86 = Debug|x86
		Release|Any CPU = Release|Any CPU
		Release|ARM = Release|ARM
		Release|ARM64 = Release|ARM64
		Release|iPhone = Release|iPhone
		Release|iPhoneSimulator = Release|iPhoneSimulator
		Release|x64 = Release|x64
		Release|x86 = Release|x86
	EndGlobalSection
	GlobalSection(ProjectConfigurationPlatforms) = postSolution
		{8ABBE77D-30CC-4BE5-99A0-DE2D0980C373}.Ad-Hoc|Any CPU.ActiveCfg = Debug|Any CPU
		{8ABBE77D-30CC-4BE5-99A0-DE2D0980C373}.Ad-Hoc|Any CPU.Build.0 = Debug|Any CPU
		{8ABBE77D-30CC-4BE5-99A0-DE2D0980C373}.Ad-Hoc|Any CPU.Deploy.0 = Debug|Any CPU
		{8ABBE77D-30CC-4BE5-99A0-DE2D0980C373}.Ad-Hoc|ARM.ActiveCfg = Debug|Any CPU
		{8ABBE77D-30CC-4BE5-99A0-DE2D0980C373}.Ad-Hoc|ARM.Build.0 = Debug|Any CPU
		{8ABBE77D-30CC-4BE5-99A0-DE2D0980C373}.Ad-Hoc|ARM.Deploy.0 = Debug|Any CPU
		{8ABBE77D-30CC-4BE5-99A0-DE2D0980C373}.Ad-Hoc|ARM64.ActiveCfg = Debug|Any CPU
		{8ABBE77D-30CC-4BE5-99A0-DE2D0980C373}.Ad-Hoc|ARM64.Build.0 = Debug|Any CPU
		{8ABBE77D-30CC-4BE5-99A0-DE2D0980C373}.Ad-Hoc|ARM64.Deploy.0 = Debug|Any CPU
		{8ABBE77D-30CC-4BE5-99A0-DE2D0980C373}.Ad-Hoc|iPhone.ActiveCfg = Debug|Any CPU
		{8ABBE77D-30CC-4BE5-99A0-DE2D0980C373}.Ad-Hoc|iPhone.Build.0 = Debug|Any CPU
		{8ABBE77D-30CC-4BE5-99A0-DE2D0980C373}.Ad-Hoc|iPhone.Deploy.0 = Debug|Any CPU
		{8ABBE77D-30CC-4BE5-99A0-DE2D0980C373}.Ad-Hoc|iPhoneSimulator.ActiveCfg = Debug|Any CPU
		{8ABBE77D-30CC-4BE5-99A0-DE2D0980C373}.Ad-Hoc|iPhoneSimulator.Build.0 = Debug|Any CPU
		{8ABBE77D-30CC-4BE5-99A0-DE2D0980C373}.Ad-Hoc|iPhoneSimulator.Deploy.0 = Debug|Any CPU
		{8ABBE77D-30CC-4BE5-99A0-DE2D0980C373}.Ad-Hoc|x64.ActiveCfg = Debug|Any CPU
		{8ABBE77D-30CC-4BE5-99A0-DE2D0980C373}.Ad-Hoc|x64.Build.0 = Debug|Any CPU
		{8ABBE77D-30CC-4BE5-99A0-DE2D0980C373}.Ad-Hoc|x64.Deploy.0 = Debug|Any CPU
		{8ABBE77D-30CC-4BE5-99A0-DE2D0980C373}.Ad-Hoc|x86.ActiveCfg = Debug|Any CPU
		{8ABBE77D-30CC-4BE5-99A0-DE2D0980C373}.Ad-Hoc|x86.Build.0 = Debug|Any CPU
		{8ABBE77D-30CC-4BE5-99A0-DE2D0980C373}.Ad-Hoc|x86.Deploy.0 = Debug|Any CPU
		{8ABBE77D-30CC-4BE5-99A0-DE2D0980C373}.AppStore|Any CPU.ActiveCfg = Debug|Any CPU
		{8ABBE77D-30CC-4BE5-99A0-DE2D0980C373}.AppStore|Any CPU.Build.0 = Debug|Any CPU
		{8ABBE77D-30CC-4BE5-99A0-DE2D0980C373}.AppStore|Any CPU.Deploy.0 = Debug|Any CPU
		{8ABBE77D-30CC-4BE5-99A0-DE2D0980C373}.AppStore|ARM.ActiveCfg = Debug|Any CPU
		{8ABBE77D-30CC-4BE5-99A0-DE2D0980C373}.AppStore|ARM.Build.0 = Debug|Any CPU
		{8ABBE77D-30CC-4BE5-99A0-DE2D0980C373}.AppStore|ARM.Deploy.0 = Debug|Any CPU
		{8ABBE77D-30CC-4BE5-99A0-DE2D0980C373}.AppStore|ARM64.ActiveCfg = Debug|Any CPU
		{8ABBE77D-30CC-4BE5-99A0-DE2D0980C373}.AppStore|ARM64.Build.0 = Debug|Any CPU
		{8ABBE77D-30CC-4BE5-99A0-DE2D0980C373}.AppStore|ARM64.Deploy.0 = Debug|Any CPU
		{8ABBE77D-30CC-4BE5-99A0-DE2D0980C373}.AppStore|iPhone.ActiveCfg = Debug|Any CPU
		{8ABBE77D-30CC-4BE5-99A0-DE2D0980C373}.AppStore|iPhone.Build.0 = Debug|Any CPU
		{8ABBE77D-30CC-4BE5-99A0-DE2D0980C373}.AppStore|iPhone.Deploy.0 = Debug|Any CPU
		{8ABBE77D-30CC-4BE5-99A0-DE2D0980C373}.AppStore|iPhoneSimulator.ActiveCfg = Debug|Any CPU
		{8ABBE77D-30CC-4BE5-99A0-DE2D0980C373}.AppStore|iPhoneSimulator.Build.0 = Debug|Any CPU
		{8ABBE77D-30CC-4BE5-99A0-DE2D0980C373}.AppStore|iPhoneSimulator.Deploy.0 = Debug|Any CPU
		{8ABBE77D-30CC-4BE5-99A0-DE2D0980C373}.AppStore|x64.ActiveCfg = Debug|Any CPU
		{8ABBE77D-30CC-4BE5-99A0-DE2D0980C373}.AppStore|x64.Build.0 = Debug|Any CPU
		{8ABBE77D-30CC-4BE5-99A0-DE2D0980C373}.AppStore|x64.Deploy.0 = Debug|Any CPU
		{8ABBE77D-30CC-4BE5-99A0-DE2D0980C373}.AppStore|x86.ActiveCfg = Debug|Any CPU
		{8ABBE77D-30CC-4BE5-99A0-DE2D0980C373}.AppStore|x86.Build.0 = Debug|Any CPU
		{8ABBE77D-30CC-4BE5-99A0-DE2D0980C373}.AppStore|x86.Deploy.0 = Debug|Any CPU
		{8ABBE77D-30CC-4BE5-99A0-DE2D0980C373}.Debug|Any CPU.ActiveCfg = Debug|Any CPU
		{8ABBE77D-30CC-4BE5-99A0-DE2D0980C373}.Debug|Any CPU.Build.0 = Debug|Any CPU
		{8ABBE77D-30CC-4BE5-99A0-DE2D0980C373}.Debug|Any CPU.Deploy.0 = Debug|Any CPU
		{8ABBE77D-30CC-4BE5-99A0-DE2D0980C373}.Debug|ARM.ActiveCfg = Debug|Any CPU
		{8ABBE77D-30CC-4BE5-99A0-DE2D0980C373}.Debug|ARM.Build.0 = Debug|Any CPU
		{8ABBE77D-30CC-4BE5-99A0-DE2D0980C373}.Debug|ARM.Deploy.0 = Debug|Any CPU
		{8ABBE77D-30CC-4BE5-99A0-DE2D0980C373}.Debug|ARM64.ActiveCfg = Debug|Any CPU
		{8ABBE77D-30CC-4BE5-99A0-DE2D0980C373}.Debug|ARM64.Build.0 = Debug|Any CPU
		{8ABBE77D-30CC-4BE5-99A0-DE2D0980C373}.Debug|ARM64.Deploy.0 = Debug|Any CPU
		{8ABBE77D-30CC-4BE5-99A0-DE2D0980C373}.Debug|iPhone.ActiveCfg = Debug|Any CPU
		{8ABBE77D-30CC-4BE5-99A0-DE2D0980C373}.Debug|iPhone.Build.0 = Debug|Any CPU
		{8ABBE77D-30CC-4BE5-99A0-DE2D0980C373}.Debug|iPhone.Deploy.0 = Debug|Any CPU
		{8ABBE77D-30CC-4BE5-99A0-DE2D0980C373}.Debug|iPhoneSimulator.ActiveCfg = Debug|Any CPU
		{8ABBE77D-30CC-4BE5-99A0-DE2D0980C373}.Debug|iPhoneSimulator.Build.0 = Debug|Any CPU
		{8ABBE77D-30CC-4BE5-99A0-DE2D0980C373}.Debug|iPhoneSimulator.Deploy.0 = Debug|Any CPU
		{8ABBE77D-30CC-4BE5-99A0-DE2D0980C373}.Debug|x64.ActiveCfg = Debug|Any CPU
		{8ABBE77D-30CC-4BE5-99A0-DE2D0980C373}.Debug|x64.Build.0 = Debug|Any CPU
		{8ABBE77D-30CC-4BE5-99A0-DE2D0980C373}.Debug|x64.Deploy.0 = Debug|Any CPU
		{8ABBE77D-30CC-4BE5-99A0-DE2D0980C373}.Debug|x86.ActiveCfg = Debug|Any CPU
		{8ABBE77D-30CC-4BE5-99A0-DE2D0980C373}.Debug|x86.Build.0 = Debug|Any CPU
		{8ABBE77D-30CC-4BE5-99A0-DE2D0980C373}.Debug|x86.Deploy.0 = Debug|Any CPU
		{8ABBE77D-30CC-4BE5-99A0-DE2D0980C373}.Release|Any CPU.ActiveCfg = Release|Any CPU
		{8ABBE77D-30CC-4BE5-99A0-DE2D0980C373}.Release|Any CPU.Build.0 = Release|Any CPU
		{8ABBE77D-30CC-4BE5-99A0-DE2D0980C373}.Release|Any CPU.Deploy.0 = Release|Any CPU
		{8ABBE77D-30CC-4BE5-99A0-DE2D0980C373}.Release|ARM.ActiveCfg = Release|Any CPU
		{8ABBE77D-30CC-4BE5-99A0-DE2D0980C373}.Release|ARM.Build.0 = Release|Any CPU
		{8ABBE77D-30CC-4BE5-99A0-DE2D0980C373}.Release|ARM.Deploy.0 = Release|Any CPU
		{8ABBE77D-30CC-4BE5-99A0-DE2D0980C373}.Release|ARM64.ActiveCfg = Release|Any CPU
		{8ABBE77D-30CC-4BE5-99A0-DE2D0980C373}.Release|ARM64.Build.0 = Release|Any CPU
		{8ABBE77D-30CC-4BE5-99A0-DE2D0980C373}.Release|ARM64.Deploy.0 = Release|Any CPU
		{8ABBE77D-30CC-4BE5-99A0-DE2D0980C373}.Release|iPhone.ActiveCfg = Release|Any CPU
		{8ABBE77D-30CC-4BE5-99A0-DE2D0980C373}.Release|iPhone.Build.0 = Release|Any CPU
		{8ABBE77D-30CC-4BE5-99A0-DE2D0980C373}.Release|iPhone.Deploy.0 = Release|Any CPU
		{8ABBE77D-30CC-4BE5-99A0-DE2D0980C373}.Release|iPhoneSimulator.ActiveCfg = Release|Any CPU
		{8ABBE77D-30CC-4BE5-99A0-DE2D0980C373}.Release|iPhoneSimulator.Build.0 = Release|Any CPU
		{8ABBE77D-30CC-4BE5-99A0-DE2D0980C373}.Release|iPhoneSimulator.Deploy.0 = Release|Any CPU
		{8ABBE77D-30CC-4BE5-99A0-DE2D0980C373}.Release|x64.ActiveCfg = Release|Any CPU
		{8ABBE77D-30CC-4BE5-99A0-DE2D0980C373}.Release|x64.Build.0 = Release|Any CPU
		{8ABBE77D-30CC-4BE5-99A0-DE2D0980C373}.Release|x64.Deploy.0 = Release|Any CPU
		{8ABBE77D-30CC-4BE5-99A0-DE2D0980C373}.Release|x86.ActiveCfg = Release|Any CPU
		{8ABBE77D-30CC-4BE5-99A0-DE2D0980C373}.Release|x86.Build.0 = Release|Any CPU
		{8ABBE77D-30CC-4BE5-99A0-DE2D0980C373}.Release|x86.Deploy.0 = Release|Any CPU
		{8B8CD21F-2136-4D9E-900B-D000BF9F7C17}.Ad-Hoc|Any CPU.ActiveCfg = Ad-Hoc|iPhoneSimulator
		{8B8CD21F-2136-4D9E-900B-D000BF9F7C17}.Ad-Hoc|ARM.ActiveCfg = Ad-Hoc|iPhoneSimulator
		{8B8CD21F-2136-4D9E-900B-D000BF9F7C17}.Ad-Hoc|ARM64.ActiveCfg = Ad-Hoc|iPhoneSimulator
		{8B8CD21F-2136-4D9E-900B-D000BF9F7C17}.Ad-Hoc|iPhone.ActiveCfg = Ad-Hoc|iPhone
		{8B8CD21F-2136-4D9E-900B-D000BF9F7C17}.Ad-Hoc|iPhone.Build.0 = Ad-Hoc|iPhone
		{8B8CD21F-2136-4D9E-900B-D000BF9F7C17}.Ad-Hoc|iPhoneSimulator.ActiveCfg = Ad-Hoc|iPhoneSimulator
		{8B8CD21F-2136-4D9E-900B-D000BF9F7C17}.Ad-Hoc|iPhoneSimulator.Build.0 = Ad-Hoc|iPhoneSimulator
		{8B8CD21F-2136-4D9E-900B-D000BF9F7C17}.Ad-Hoc|x64.ActiveCfg = Ad-Hoc|iPhoneSimulator
		{8B8CD21F-2136-4D9E-900B-D000BF9F7C17}.Ad-Hoc|x86.ActiveCfg = Ad-Hoc|iPhoneSimulator
		{8B8CD21F-2136-4D9E-900B-D000BF9F7C17}.AppStore|Any CPU.ActiveCfg = AppStore|iPhoneSimulator
		{8B8CD21F-2136-4D9E-900B-D000BF9F7C17}.AppStore|ARM.ActiveCfg = AppStore|iPhoneSimulator
		{8B8CD21F-2136-4D9E-900B-D000BF9F7C17}.AppStore|ARM64.ActiveCfg = AppStore|iPhoneSimulator
		{8B8CD21F-2136-4D9E-900B-D000BF9F7C17}.AppStore|iPhone.ActiveCfg = AppStore|iPhone
		{8B8CD21F-2136-4D9E-900B-D000BF9F7C17}.AppStore|iPhone.Build.0 = AppStore|iPhone
		{8B8CD21F-2136-4D9E-900B-D000BF9F7C17}.AppStore|iPhoneSimulator.ActiveCfg = AppStore|iPhoneSimulator
		{8B8CD21F-2136-4D9E-900B-D000BF9F7C17}.AppStore|iPhoneSimulator.Build.0 = AppStore|iPhoneSimulator
		{8B8CD21F-2136-4D9E-900B-D000BF9F7C17}.AppStore|x64.ActiveCfg = AppStore|iPhoneSimulator
		{8B8CD21F-2136-4D9E-900B-D000BF9F7C17}.AppStore|x86.ActiveCfg = AppStore|iPhoneSimulator
		{8B8CD21F-2136-4D9E-900B-D000BF9F7C17}.Debug|Any CPU.ActiveCfg = Debug|iPhoneSimulator
		{8B8CD21F-2136-4D9E-900B-D000BF9F7C17}.Debug|ARM.ActiveCfg = Debug|iPhoneSimulator
		{8B8CD21F-2136-4D9E-900B-D000BF9F7C17}.Debug|ARM64.ActiveCfg = Debug|iPhoneSimulator
		{8B8CD21F-2136-4D9E-900B-D000BF9F7C17}.Debug|iPhone.ActiveCfg = Debug|iPhone
		{8B8CD21F-2136-4D9E-900B-D000BF9F7C17}.Debug|iPhone.Build.0 = Debug|iPhone
		{8B8CD21F-2136-4D9E-900B-D000BF9F7C17}.Debug|iPhoneSimulator.ActiveCfg = Debug|iPhoneSimulator
		{8B8CD21F-2136-4D9E-900B-D000BF9F7C17}.Debug|iPhoneSimulator.Build.0 = Debug|iPhoneSimulator
		{8B8CD21F-2136-4D9E-900B-D000BF9F7C17}.Debug|x64.ActiveCfg = Debug|iPhoneSimulator
		{8B8CD21F-2136-4D9E-900B-D000BF9F7C17}.Debug|x86.ActiveCfg = Debug|iPhoneSimulator
		{8B8CD21F-2136-4D9E-900B-D000BF9F7C17}.Release|Any CPU.ActiveCfg = Release|iPhoneSimulator
		{8B8CD21F-2136-4D9E-900B-D000BF9F7C17}.Release|ARM.ActiveCfg = Release|iPhoneSimulator
		{8B8CD21F-2136-4D9E-900B-D000BF9F7C17}.Release|ARM64.ActiveCfg = Release|iPhoneSimulator
		{8B8CD21F-2136-4D9E-900B-D000BF9F7C17}.Release|iPhone.ActiveCfg = Release|iPhone
		{8B8CD21F-2136-4D9E-900B-D000BF9F7C17}.Release|iPhone.Build.0 = Release|iPhone
		{8B8CD21F-2136-4D9E-900B-D000BF9F7C17}.Release|iPhoneSimulator.ActiveCfg = Release|iPhoneSimulator
		{8B8CD21F-2136-4D9E-900B-D000BF9F7C17}.Release|iPhoneSimulator.Build.0 = Release|iPhoneSimulator
		{8B8CD21F-2136-4D9E-900B-D000BF9F7C17}.Release|x64.ActiveCfg = Release|iPhoneSimulator
		{8B8CD21F-2136-4D9E-900B-D000BF9F7C17}.Release|x86.ActiveCfg = Release|iPhoneSimulator
		{C32EF642-1CDB-43A3-B76C-5E1BD36625E8}.Ad-Hoc|Any CPU.ActiveCfg = Debug|x86
		{C32EF642-1CDB-43A3-B76C-5E1BD36625E8}.Ad-Hoc|Any CPU.Build.0 = Debug|x86
		{C32EF642-1CDB-43A3-B76C-5E1BD36625E8}.Ad-Hoc|Any CPU.Deploy.0 = Debug|x86
		{C32EF642-1CDB-43A3-B76C-5E1BD36625E8}.Ad-Hoc|ARM.ActiveCfg = Debug|ARM
		{C32EF642-1CDB-43A3-B76C-5E1BD36625E8}.Ad-Hoc|ARM.Build.0 = Debug|ARM
		{C32EF642-1CDB-43A3-B76C-5E1BD36625E8}.Ad-Hoc|ARM.Deploy.0 = Debug|ARM
		{C32EF642-1CDB-43A3-B76C-5E1BD36625E8}.Ad-Hoc|ARM64.ActiveCfg = Debug|ARM64
		{C32EF642-1CDB-43A3-B76C-5E1BD36625E8}.Ad-Hoc|ARM64.Build.0 = Debug|ARM64
		{C32EF642-1CDB-43A3-B76C-5E1BD36625E8}.Ad-Hoc|ARM64.Deploy.0 = Debug|ARM64
		{C32EF642-1CDB-43A3-B76C-5E1BD36625E8}.Ad-Hoc|iPhone.ActiveCfg = Debug|x86
		{C32EF642-1CDB-43A3-B76C-5E1BD36625E8}.Ad-Hoc|iPhone.Build.0 = Debug|x86
		{C32EF642-1CDB-43A3-B76C-5E1BD36625E8}.Ad-Hoc|iPhone.Deploy.0 = Debug|x86
		{C32EF642-1CDB-43A3-B76C-5E1BD36625E8}.Ad-Hoc|iPhoneSimulator.ActiveCfg = Debug|x86
		{C32EF642-1CDB-43A3-B76C-5E1BD36625E8}.Ad-Hoc|iPhoneSimulator.Build.0 = Debug|x86
		{C32EF642-1CDB-43A3-B76C-5E1BD36625E8}.Ad-Hoc|iPhoneSimulator.Deploy.0 = Debug|x86
		{C32EF642-1CDB-43A3-B76C-5E1BD36625E8}.Ad-Hoc|x64.ActiveCfg = Debug|x64
		{C32EF642-1CDB-43A3-B76C-5E1BD36625E8}.Ad-Hoc|x64.Build.0 = Debug|x64
		{C32EF642-1CDB-43A3-B76C-5E1BD36625E8}.Ad-Hoc|x64.Deploy.0 = Debug|x64
		{C32EF642-1CDB-43A3-B76C-5E1BD36625E8}.Ad-Hoc|x86.ActiveCfg = Debug|x86
		{C32EF642-1CDB-43A3-B76C-5E1BD36625E8}.Ad-Hoc|x86.Build.0 = Debug|x86
		{C32EF642-1CDB-43A3-B76C-5E1BD36625E8}.Ad-Hoc|x86.Deploy.0 = Debug|x86
		{C32EF642-1CDB-43A3-B76C-5E1BD36625E8}.AppStore|Any CPU.ActiveCfg = Debug|x86
		{C32EF642-1CDB-43A3-B76C-5E1BD36625E8}.AppStore|Any CPU.Build.0 = Debug|x86
		{C32EF642-1CDB-43A3-B76C-5E1BD36625E8}.AppStore|Any CPU.Deploy.0 = Debug|x86
		{C32EF642-1CDB-43A3-B76C-5E1BD36625E8}.AppStore|ARM.ActiveCfg = Debug|ARM
		{C32EF642-1CDB-43A3-B76C-5E1BD36625E8}.AppStore|ARM.Build.0 = Debug|ARM
		{C32EF642-1CDB-43A3-B76C-5E1BD36625E8}.AppStore|ARM.Deploy.0 = Debug|ARM
		{C32EF642-1CDB-43A3-B76C-5E1BD36625E8}.AppStore|ARM64.ActiveCfg = Debug|ARM64
		{C32EF642-1CDB-43A3-B76C-5E1BD36625E8}.AppStore|ARM64.Build.0 = Debug|ARM64
		{C32EF642-1CDB-43A3-B76C-5E1BD36625E8}.AppStore|ARM64.Deploy.0 = Debug|ARM64
		{C32EF642-1CDB-43A3-B76C-5E1BD36625E8}.AppStore|iPhone.ActiveCfg = Debug|x86
		{C32EF642-1CDB-43A3-B76C-5E1BD36625E8}.AppStore|iPhone.Build.0 = Debug|x86
		{C32EF642-1CDB-43A3-B76C-5E1BD36625E8}.AppStore|iPhone.Deploy.0 = Debug|x86
		{C32EF642-1CDB-43A3-B76C-5E1BD36625E8}.AppStore|iPhoneSimulator.ActiveCfg = Debug|x86
		{C32EF642-1CDB-43A3-B76C-5E1BD36625E8}.AppStore|iPhoneSimulator.Build.0 = Debug|x86
		{C32EF642-1CDB-43A3-B76C-5E1BD36625E8}.AppStore|iPhoneSimulator.Deploy.0 = Debug|x86
		{C32EF642-1CDB-43A3-B76C-5E1BD36625E8}.AppStore|x64.ActiveCfg = Debug|x64
		{C32EF642-1CDB-43A3-B76C-5E1BD36625E8}.AppStore|x64.Build.0 = Debug|x64
		{C32EF642-1CDB-43A3-B76C-5E1BD36625E8}.AppStore|x64.Deploy.0 = Debug|x64
		{C32EF642-1CDB-43A3-B76C-5E1BD36625E8}.AppStore|x86.ActiveCfg = Debug|x86
		{C32EF642-1CDB-43A3-B76C-5E1BD36625E8}.AppStore|x86.Build.0 = Debug|x86
		{C32EF642-1CDB-43A3-B76C-5E1BD36625E8}.AppStore|x86.Deploy.0 = Debug|x86
		{C32EF642-1CDB-43A3-B76C-5E1BD36625E8}.Debug|Any CPU.ActiveCfg = Debug|x86
		{C32EF642-1CDB-43A3-B76C-5E1BD36625E8}.Debug|Any CPU.Build.0 = Debug|x86
		{C32EF642-1CDB-43A3-B76C-5E1BD36625E8}.Debug|Any CPU.Deploy.0 = Debug|x86
		{C32EF642-1CDB-43A3-B76C-5E1BD36625E8}.Debug|ARM.ActiveCfg = Debug|ARM
		{C32EF642-1CDB-43A3-B76C-5E1BD36625E8}.Debug|ARM.Build.0 = Debug|ARM
		{C32EF642-1CDB-43A3-B76C-5E1BD36625E8}.Debug|ARM.Deploy.0 = Debug|ARM
		{C32EF642-1CDB-43A3-B76C-5E1BD36625E8}.Debug|ARM64.ActiveCfg = Debug|ARM64
		{C32EF642-1CDB-43A3-B76C-5E1BD36625E8}.Debug|ARM64.Build.0 = Debug|ARM64
		{C32EF642-1CDB-43A3-B76C-5E1BD36625E8}.Debug|ARM64.Deploy.0 = Debug|ARM64
		{C32EF642-1CDB-43A3-B76C-5E1BD36625E8}.Debug|iPhone.ActiveCfg = Debug|x86
		{C32EF642-1CDB-43A3-B76C-5E1BD36625E8}.Debug|iPhoneSimulator.ActiveCfg = Debug|x86
		{C32EF642-1CDB-43A3-B76C-5E1BD36625E8}.Debug|x64.ActiveCfg = Debug|x64
		{C32EF642-1CDB-43A3-B76C-5E1BD36625E8}.Debug|x64.Build.0 = Debug|x64
		{C32EF642-1CDB-43A3-B76C-5E1BD36625E8}.Debug|x64.Deploy.0 = Debug|x64
		{C32EF642-1CDB-43A3-B76C-5E1BD36625E8}.Debug|x86.ActiveCfg = Debug|x86
		{C32EF642-1CDB-43A3-B76C-5E1BD36625E8}.Debug|x86.Build.0 = Debug|x86
		{C32EF642-1CDB-43A3-B76C-5E1BD36625E8}.Debug|x86.Deploy.0 = Debug|x86
		{C32EF642-1CDB-43A3-B76C-5E1BD36625E8}.Release|Any CPU.ActiveCfg = Release|x86
		{C32EF642-1CDB-43A3-B76C-5E1BD36625E8}.Release|ARM.ActiveCfg = Release|ARM
		{C32EF642-1CDB-43A3-B76C-5E1BD36625E8}.Release|ARM.Build.0 = Release|ARM
		{C32EF642-1CDB-43A3-B76C-5E1BD36625E8}.Release|ARM.Deploy.0 = Release|ARM
		{C32EF642-1CDB-43A3-B76C-5E1BD36625E8}.Release|ARM64.ActiveCfg = Release|ARM64
		{C32EF642-1CDB-43A3-B76C-5E1BD36625E8}.Release|ARM64.Build.0 = Release|ARM64
		{C32EF642-1CDB-43A3-B76C-5E1BD36625E8}.Release|ARM64.Deploy.0 = Release|ARM64
		{C32EF642-1CDB-43A3-B76C-5E1BD36625E8}.Release|iPhone.ActiveCfg = Release|x86
		{C32EF642-1CDB-43A3-B76C-5E1BD36625E8}.Release|iPhoneSimulator.ActiveCfg = Release|x86
		{C32EF642-1CDB-43A3-B76C-5E1BD36625E8}.Release|x64.ActiveCfg = Release|x64
		{C32EF642-1CDB-43A3-B76C-5E1BD36625E8}.Release|x64.Build.0 = Release|x64
		{C32EF642-1CDB-43A3-B76C-5E1BD36625E8}.Release|x64.Deploy.0 = Release|x64
		{C32EF642-1CDB-43A3-B76C-5E1BD36625E8}.Release|x86.ActiveCfg = Release|x86
		{C32EF642-1CDB-43A3-B76C-5E1BD36625E8}.Release|x86.Build.0 = Release|x86
		{C32EF642-1CDB-43A3-B76C-5E1BD36625E8}.Release|x86.Deploy.0 = Release|x86
		{30E95DC3-75EF-499C-A21E-0900577581C9}.Ad-Hoc|Any CPU.ActiveCfg = Debug|Any CPU
		{30E95DC3-75EF-499C-A21E-0900577581C9}.Ad-Hoc|Any CPU.Build.0 = Debug|Any CPU
		{30E95DC3-75EF-499C-A21E-0900577581C9}.Ad-Hoc|ARM.ActiveCfg = Debug|Any CPU
		{30E95DC3-75EF-499C-A21E-0900577581C9}.Ad-Hoc|ARM.Build.0 = Debug|Any CPU
		{30E95DC3-75EF-499C-A21E-0900577581C9}.Ad-Hoc|ARM64.ActiveCfg = Debug|Any CPU
		{30E95DC3-75EF-499C-A21E-0900577581C9}.Ad-Hoc|ARM64.Build.0 = Debug|Any CPU
		{30E95DC3-75EF-499C-A21E-0900577581C9}.Ad-Hoc|iPhone.ActiveCfg = Debug|Any CPU
		{30E95DC3-75EF-499C-A21E-0900577581C9}.Ad-Hoc|iPhone.Build.0 = Debug|Any CPU
		{30E95DC3-75EF-499C-A21E-0900577581C9}.Ad-Hoc|iPhoneSimulator.ActiveCfg = Debug|Any CPU
		{30E95DC3-75EF-499C-A21E-0900577581C9}.Ad-Hoc|iPhoneSimulator.Build.0 = Debug|Any CPU
		{30E95DC3-75EF-499C-A21E-0900577581C9}.Ad-Hoc|x64.ActiveCfg = Debug|Any CPU
		{30E95DC3-75EF-499C-A21E-0900577581C9}.Ad-Hoc|x64.Build.0 = Debug|Any CPU
		{30E95DC3-75EF-499C-A21E-0900577581C9}.Ad-Hoc|x86.ActiveCfg = Debug|Any CPU
		{30E95DC3-75EF-499C-A21E-0900577581C9}.Ad-Hoc|x86.Build.0 = Debug|Any CPU
		{30E95DC3-75EF-499C-A21E-0900577581C9}.AppStore|Any CPU.ActiveCfg = Debug|Any CPU
		{30E95DC3-75EF-499C-A21E-0900577581C9}.AppStore|Any CPU.Build.0 = Debug|Any CPU
		{30E95DC3-75EF-499C-A21E-0900577581C9}.AppStore|ARM.ActiveCfg = Debug|Any CPU
		{30E95DC3-75EF-499C-A21E-0900577581C9}.AppStore|ARM.Build.0 = Debug|Any CPU
		{30E95DC3-75EF-499C-A21E-0900577581C9}.AppStore|ARM64.ActiveCfg = Debug|Any CPU
		{30E95DC3-75EF-499C-A21E-0900577581C9}.AppStore|ARM64.Build.0 = Debug|Any CPU
		{30E95DC3-75EF-499C-A21E-0900577581C9}.AppStore|iPhone.ActiveCfg = Debug|Any CPU
		{30E95DC3-75EF-499C-A21E-0900577581C9}.AppStore|iPhone.Build.0 = Debug|Any CPU
		{30E95DC3-75EF-499C-A21E-0900577581C9}.AppStore|iPhoneSimulator.ActiveCfg = Debug|Any CPU
		{30E95DC3-75EF-499C-A21E-0900577581C9}.AppStore|iPhoneSimulator.Build.0 = Debug|Any CPU
		{30E95DC3-75EF-499C-A21E-0900577581C9}.AppStore|x64.ActiveCfg = Debug|Any CPU
		{30E95DC3-75EF-499C-A21E-0900577581C9}.AppStore|x64.Build.0 = Debug|Any CPU
		{30E95DC3-75EF-499C-A21E-0900577581C9}.AppStore|x86.ActiveCfg = Debug|Any CPU
		{30E95DC3-75EF-499C-A21E-0900577581C9}.AppStore|x86.Build.0 = Debug|Any CPU
		{30E95DC3-75EF-499C-A21E-0900577581C9}.Debug|Any CPU.ActiveCfg = Debug|Any CPU
		{30E95DC3-75EF-499C-A21E-0900577581C9}.Debug|Any CPU.Build.0 = Debug|Any CPU
		{30E95DC3-75EF-499C-A21E-0900577581C9}.Debug|ARM.ActiveCfg = Debug|Any CPU
		{30E95DC3-75EF-499C-A21E-0900577581C9}.Debug|ARM.Build.0 = Debug|Any CPU
		{30E95DC3-75EF-499C-A21E-0900577581C9}.Debug|ARM64.ActiveCfg = Debug|Any CPU
		{30E95DC3-75EF-499C-A21E-0900577581C9}.Debug|ARM64.Build.0 = Debug|Any CPU
		{30E95DC3-75EF-499C-A21E-0900577581C9}.Debug|iPhone.ActiveCfg = Debug|Any CPU
		{30E95DC3-75EF-499C-A21E-0900577581C9}.Debug|iPhone.Build.0 = Debug|Any CPU
		{30E95DC3-75EF-499C-A21E-0900577581C9}.Debug|iPhoneSimulator.ActiveCfg = Debug|Any CPU
		{30E95DC3-75EF-499C-A21E-0900577581C9}.Debug|iPhoneSimulator.Build.0 = Debug|Any CPU
		{30E95DC3-75EF-499C-A21E-0900577581C9}.Debug|x64.ActiveCfg = Debug|Any CPU
		{30E95DC3-75EF-499C-A21E-0900577581C9}.Debug|x64.Build.0 = Debug|Any CPU
		{30E95DC3-75EF-499C-A21E-0900577581C9}.Debug|x86.ActiveCfg = Debug|Any CPU
		{30E95DC3-75EF-499C-A21E-0900577581C9}.Debug|x86.Build.0 = Debug|Any CPU
		{30E95DC3-75EF-499C-A21E-0900577581C9}.Release|Any CPU.ActiveCfg = Release|Any CPU
		{30E95DC3-75EF-499C-A21E-0900577581C9}.Release|Any CPU.Build.0 = Release|Any CPU
		{30E95DC3-75EF-499C-A21E-0900577581C9}.Release|ARM.ActiveCfg = Release|Any CPU
		{30E95DC3-75EF-499C-A21E-0900577581C9}.Release|ARM.Build.0 = Release|Any CPU
		{30E95DC3-75EF-499C-A21E-0900577581C9}.Release|ARM64.ActiveCfg = Release|Any CPU
		{30E95DC3-75EF-499C-A21E-0900577581C9}.Release|ARM64.Build.0 = Release|Any CPU
		{30E95DC3-75EF-499C-A21E-0900577581C9}.Release|iPhone.ActiveCfg = Release|Any CPU
		{30E95DC3-75EF-499C-A21E-0900577581C9}.Release|iPhone.Build.0 = Release|Any CPU
		{30E95DC3-75EF-499C-A21E-0900577581C9}.Release|iPhoneSimulator.ActiveCfg = Release|Any CPU
		{30E95DC3-75EF-499C-A21E-0900577581C9}.Release|iPhoneSimulator.Build.0 = Release|Any CPU
		{30E95DC3-75EF-499C-A21E-0900577581C9}.Release|x64.ActiveCfg = Release|Any CPU
		{30E95DC3-75EF-499C-A21E-0900577581C9}.Release|x64.Build.0 = Release|Any CPU
		{30E95DC3-75EF-499C-A21E-0900577581C9}.Release|x86.ActiveCfg = Release|Any CPU
		{30E95DC3-75EF-499C-A21E-0900577581C9}.Release|x86.Build.0 = Release|Any CPU
		{0FEE0666-8981-454E-9A1A-F8E69EA84CAD}.Ad-Hoc|Any CPU.ActiveCfg = Debug|iPhoneSimulator
		{0FEE0666-8981-454E-9A1A-F8E69EA84CAD}.Ad-Hoc|Any CPU.Build.0 = Debug|iPhoneSimulator
		{0FEE0666-8981-454E-9A1A-F8E69EA84CAD}.Ad-Hoc|ARM.ActiveCfg = Debug|iPhoneSimulator
		{0FEE0666-8981-454E-9A1A-F8E69EA84CAD}.Ad-Hoc|ARM.Build.0 = Debug|iPhoneSimulator
		{0FEE0666-8981-454E-9A1A-F8E69EA84CAD}.Ad-Hoc|ARM64.ActiveCfg = Debug|iPhoneSimulator
		{0FEE0666-8981-454E-9A1A-F8E69EA84CAD}.Ad-Hoc|ARM64.Build.0 = Debug|iPhoneSimulator
		{0FEE0666-8981-454E-9A1A-F8E69EA84CAD}.Ad-Hoc|iPhone.ActiveCfg = Debug|iPhoneSimulator
		{0FEE0666-8981-454E-9A1A-F8E69EA84CAD}.Ad-Hoc|iPhone.Build.0 = Debug|iPhoneSimulator
		{0FEE0666-8981-454E-9A1A-F8E69EA84CAD}.Ad-Hoc|iPhoneSimulator.ActiveCfg = Debug|iPhoneSimulator
		{0FEE0666-8981-454E-9A1A-F8E69EA84CAD}.Ad-Hoc|iPhoneSimulator.Build.0 = Debug|iPhoneSimulator
		{0FEE0666-8981-454E-9A1A-F8E69EA84CAD}.Ad-Hoc|x64.ActiveCfg = Debug|iPhoneSimulator
		{0FEE0666-8981-454E-9A1A-F8E69EA84CAD}.Ad-Hoc|x64.Build.0 = Debug|iPhoneSimulator
		{0FEE0666-8981-454E-9A1A-F8E69EA84CAD}.Ad-Hoc|x86.ActiveCfg = Debug|iPhoneSimulator
		{0FEE0666-8981-454E-9A1A-F8E69EA84CAD}.Ad-Hoc|x86.Build.0 = Debug|iPhoneSimulator
		{0FEE0666-8981-454E-9A1A-F8E69EA84CAD}.AppStore|Any CPU.ActiveCfg = Debug|iPhoneSimulator
		{0FEE0666-8981-454E-9A1A-F8E69EA84CAD}.AppStore|Any CPU.Build.0 = Debug|iPhoneSimulator
		{0FEE0666-8981-454E-9A1A-F8E69EA84CAD}.AppStore|ARM.ActiveCfg = Debug|iPhoneSimulator
		{0FEE0666-8981-454E-9A1A-F8E69EA84CAD}.AppStore|ARM.Build.0 = Debug|iPhoneSimulator
		{0FEE0666-8981-454E-9A1A-F8E69EA84CAD}.AppStore|ARM64.ActiveCfg = Debug|iPhoneSimulator
		{0FEE0666-8981-454E-9A1A-F8E69EA84CAD}.AppStore|ARM64.Build.0 = Debug|iPhoneSimulator
		{0FEE0666-8981-454E-9A1A-F8E69EA84CAD}.AppStore|iPhone.ActiveCfg = Debug|iPhoneSimulator
		{0FEE0666-8981-454E-9A1A-F8E69EA84CAD}.AppStore|iPhone.Build.0 = Debug|iPhoneSimulator
		{0FEE0666-8981-454E-9A1A-F8E69EA84CAD}.AppStore|iPhoneSimulator.ActiveCfg = Debug|iPhoneSimulator
		{0FEE0666-8981-454E-9A1A-F8E69EA84CAD}.AppStore|iPhoneSimulator.Build.0 = Debug|iPhoneSimulator
		{0FEE0666-8981-454E-9A1A-F8E69EA84CAD}.AppStore|x64.ActiveCfg = Debug|iPhoneSimulator
		{0FEE0666-8981-454E-9A1A-F8E69EA84CAD}.AppStore|x64.Build.0 = Debug|iPhoneSimulator
		{0FEE0666-8981-454E-9A1A-F8E69EA84CAD}.AppStore|x86.ActiveCfg = Debug|iPhoneSimulator
		{0FEE0666-8981-454E-9A1A-F8E69EA84CAD}.AppStore|x86.Build.0 = Debug|iPhoneSimulator
		{0FEE0666-8981-454E-9A1A-F8E69EA84CAD}.Debug|Any CPU.ActiveCfg = Debug|iPhoneSimulator
		{0FEE0666-8981-454E-9A1A-F8E69EA84CAD}.Debug|ARM.ActiveCfg = Debug|iPhoneSimulator
		{0FEE0666-8981-454E-9A1A-F8E69EA84CAD}.Debug|ARM64.ActiveCfg = Debug|iPhoneSimulator
		{0FEE0666-8981-454E-9A1A-F8E69EA84CAD}.Debug|iPhone.ActiveCfg = Debug|iPhoneSimulator
		{0FEE0666-8981-454E-9A1A-F8E69EA84CAD}.Debug|iPhoneSimulator.ActiveCfg = Debug|iPhoneSimulator
		{0FEE0666-8981-454E-9A1A-F8E69EA84CAD}.Debug|iPhoneSimulator.Build.0 = Debug|iPhoneSimulator
		{0FEE0666-8981-454E-9A1A-F8E69EA84CAD}.Debug|x64.ActiveCfg = Debug|iPhoneSimulator
		{0FEE0666-8981-454E-9A1A-F8E69EA84CAD}.Debug|x86.ActiveCfg = Debug|iPhoneSimulator
		{0FEE0666-8981-454E-9A1A-F8E69EA84CAD}.Release|Any CPU.ActiveCfg = Release|iPhoneSimulator
		{0FEE0666-8981-454E-9A1A-F8E69EA84CAD}.Release|ARM.ActiveCfg = Release|iPhoneSimulator
		{0FEE0666-8981-454E-9A1A-F8E69EA84CAD}.Release|ARM64.ActiveCfg = Release|iPhoneSimulator
		{0FEE0666-8981-454E-9A1A-F8E69EA84CAD}.Release|iPhone.ActiveCfg = Release|iPhoneSimulator
		{0FEE0666-8981-454E-9A1A-F8E69EA84CAD}.Release|iPhoneSimulator.ActiveCfg = Release|iPhoneSimulator
		{0FEE0666-8981-454E-9A1A-F8E69EA84CAD}.Release|iPhoneSimulator.Build.0 = Release|iPhoneSimulator
		{0FEE0666-8981-454E-9A1A-F8E69EA84CAD}.Release|x64.ActiveCfg = Release|iPhoneSimulator
		{0FEE0666-8981-454E-9A1A-F8E69EA84CAD}.Release|x86.ActiveCfg = Release|iPhoneSimulator
		{DE94610E-187E-420E-A918-11DE7F734283}.Ad-Hoc|Any CPU.ActiveCfg = Debug|Any CPU
		{DE94610E-187E-420E-A918-11DE7F734283}.Ad-Hoc|Any CPU.Build.0 = Debug|Any CPU
		{DE94610E-187E-420E-A918-11DE7F734283}.Ad-Hoc|ARM.ActiveCfg = Debug|Any CPU
		{DE94610E-187E-420E-A918-11DE7F734283}.Ad-Hoc|ARM.Build.0 = Debug|Any CPU
		{DE94610E-187E-420E-A918-11DE7F734283}.Ad-Hoc|ARM64.ActiveCfg = Debug|Any CPU
		{DE94610E-187E-420E-A918-11DE7F734283}.Ad-Hoc|ARM64.Build.0 = Debug|Any CPU
		{DE94610E-187E-420E-A918-11DE7F734283}.Ad-Hoc|iPhone.ActiveCfg = Debug|Any CPU
		{DE94610E-187E-420E-A918-11DE7F734283}.Ad-Hoc|iPhone.Build.0 = Debug|Any CPU
		{DE94610E-187E-420E-A918-11DE7F734283}.Ad-Hoc|iPhoneSimulator.ActiveCfg = Debug|Any CPU
		{DE94610E-187E-420E-A918-11DE7F734283}.Ad-Hoc|iPhoneSimulator.Build.0 = Debug|Any CPU
		{DE94610E-187E-420E-A918-11DE7F734283}.Ad-Hoc|x64.ActiveCfg = Debug|Any CPU
		{DE94610E-187E-420E-A918-11DE7F734283}.Ad-Hoc|x64.Build.0 = Debug|Any CPU
		{DE94610E-187E-420E-A918-11DE7F734283}.Ad-Hoc|x86.ActiveCfg = Debug|Any CPU
		{DE94610E-187E-420E-A918-11DE7F734283}.Ad-Hoc|x86.Build.0 = Debug|Any CPU
		{DE94610E-187E-420E-A918-11DE7F734283}.AppStore|Any CPU.ActiveCfg = Debug|Any CPU
		{DE94610E-187E-420E-A918-11DE7F734283}.AppStore|Any CPU.Build.0 = Debug|Any CPU
		{DE94610E-187E-420E-A918-11DE7F734283}.AppStore|ARM.ActiveCfg = Debug|Any CPU
		{DE94610E-187E-420E-A918-11DE7F734283}.AppStore|ARM.Build.0 = Debug|Any CPU
		{DE94610E-187E-420E-A918-11DE7F734283}.AppStore|ARM64.ActiveCfg = Debug|Any CPU
		{DE94610E-187E-420E-A918-11DE7F734283}.AppStore|ARM64.Build.0 = Debug|Any CPU
		{DE94610E-187E-420E-A918-11DE7F734283}.AppStore|iPhone.ActiveCfg = Debug|Any CPU
		{DE94610E-187E-420E-A918-11DE7F734283}.AppStore|iPhone.Build.0 = Debug|Any CPU
		{DE94610E-187E-420E-A918-11DE7F734283}.AppStore|iPhoneSimulator.ActiveCfg = Debug|Any CPU
		{DE94610E-187E-420E-A918-11DE7F734283}.AppStore|iPhoneSimulator.Build.0 = Debug|Any CPU
		{DE94610E-187E-420E-A918-11DE7F734283}.AppStore|x64.ActiveCfg = Debug|Any CPU
		{DE94610E-187E-420E-A918-11DE7F734283}.AppStore|x64.Build.0 = Debug|Any CPU
		{DE94610E-187E-420E-A918-11DE7F734283}.AppStore|x86.ActiveCfg = Debug|Any CPU
		{DE94610E-187E-420E-A918-11DE7F734283}.AppStore|x86.Build.0 = Debug|Any CPU
		{DE94610E-187E-420E-A918-11DE7F734283}.Debug|Any CPU.ActiveCfg = Debug|Any CPU
		{DE94610E-187E-420E-A918-11DE7F734283}.Debug|Any CPU.Build.0 = Debug|Any CPU
		{DE94610E-187E-420E-A918-11DE7F734283}.Debug|ARM.ActiveCfg = Debug|Any CPU
		{DE94610E-187E-420E-A918-11DE7F734283}.Debug|ARM.Build.0 = Debug|Any CPU
		{DE94610E-187E-420E-A918-11DE7F734283}.Debug|ARM64.ActiveCfg = Debug|Any CPU
		{DE94610E-187E-420E-A918-11DE7F734283}.Debug|ARM64.Build.0 = Debug|Any CPU
		{DE94610E-187E-420E-A918-11DE7F734283}.Debug|iPhone.ActiveCfg = Debug|Any CPU
		{DE94610E-187E-420E-A918-11DE7F734283}.Debug|iPhone.Build.0 = Debug|Any CPU
		{DE94610E-187E-420E-A918-11DE7F734283}.Debug|iPhoneSimulator.ActiveCfg = Debug|Any CPU
		{DE94610E-187E-420E-A918-11DE7F734283}.Debug|iPhoneSimulator.Build.0 = Debug|Any CPU
		{DE94610E-187E-420E-A918-11DE7F734283}.Debug|x64.ActiveCfg = Debug|Any CPU
		{DE94610E-187E-420E-A918-11DE7F734283}.Debug|x64.Build.0 = Debug|Any CPU
		{DE94610E-187E-420E-A918-11DE7F734283}.Debug|x86.ActiveCfg = Debug|Any CPU
		{DE94610E-187E-420E-A918-11DE7F734283}.Debug|x86.Build.0 = Debug|Any CPU
		{DE94610E-187E-420E-A918-11DE7F734283}.Release|Any CPU.ActiveCfg = Release|Any CPU
		{DE94610E-187E-420E-A918-11DE7F734283}.Release|Any CPU.Build.0 = Release|Any CPU
		{DE94610E-187E-420E-A918-11DE7F734283}.Release|ARM.ActiveCfg = Release|Any CPU
		{DE94610E-187E-420E-A918-11DE7F734283}.Release|ARM.Build.0 = Release|Any CPU
		{DE94610E-187E-420E-A918-11DE7F734283}.Release|ARM64.ActiveCfg = Release|Any CPU
		{DE94610E-187E-420E-A918-11DE7F734283}.Release|ARM64.Build.0 = Release|Any CPU
		{DE94610E-187E-420E-A918-11DE7F734283}.Release|iPhone.ActiveCfg = Release|Any CPU
		{DE94610E-187E-420E-A918-11DE7F734283}.Release|iPhone.Build.0 = Release|Any CPU
		{DE94610E-187E-420E-A918-11DE7F734283}.Release|iPhoneSimulator.ActiveCfg = Release|Any CPU
		{DE94610E-187E-420E-A918-11DE7F734283}.Release|iPhoneSimulator.Build.0 = Release|Any CPU
		{DE94610E-187E-420E-A918-11DE7F734283}.Release|x64.ActiveCfg = Release|Any CPU
		{DE94610E-187E-420E-A918-11DE7F734283}.Release|x64.Build.0 = Release|Any CPU
		{DE94610E-187E-420E-A918-11DE7F734283}.Release|x86.ActiveCfg = Release|Any CPU
		{DE94610E-187E-420E-A918-11DE7F734283}.Release|x86.Build.0 = Release|Any CPU
		{50177C5E-08F6-4745-88B2-96FD8DFA0C85}.Ad-Hoc|Any CPU.ActiveCfg = Debug|Any CPU
		{50177C5E-08F6-4745-88B2-96FD8DFA0C85}.Ad-Hoc|Any CPU.Build.0 = Debug|Any CPU
		{50177C5E-08F6-4745-88B2-96FD8DFA0C85}.Ad-Hoc|ARM.ActiveCfg = Debug|Any CPU
		{50177C5E-08F6-4745-88B2-96FD8DFA0C85}.Ad-Hoc|ARM.Build.0 = Debug|Any CPU
		{50177C5E-08F6-4745-88B2-96FD8DFA0C85}.Ad-Hoc|ARM64.ActiveCfg = Debug|Any CPU
		{50177C5E-08F6-4745-88B2-96FD8DFA0C85}.Ad-Hoc|ARM64.Build.0 = Debug|Any CPU
		{50177C5E-08F6-4745-88B2-96FD8DFA0C85}.Ad-Hoc|iPhone.ActiveCfg = Debug|Any CPU
		{50177C5E-08F6-4745-88B2-96FD8DFA0C85}.Ad-Hoc|iPhone.Build.0 = Debug|Any CPU
		{50177C5E-08F6-4745-88B2-96FD8DFA0C85}.Ad-Hoc|iPhoneSimulator.ActiveCfg = Debug|Any CPU
		{50177C5E-08F6-4745-88B2-96FD8DFA0C85}.Ad-Hoc|iPhoneSimulator.Build.0 = Debug|Any CPU
		{50177C5E-08F6-4745-88B2-96FD8DFA0C85}.Ad-Hoc|x64.ActiveCfg = Debug|Any CPU
		{50177C5E-08F6-4745-88B2-96FD8DFA0C85}.Ad-Hoc|x64.Build.0 = Debug|Any CPU
		{50177C5E-08F6-4745-88B2-96FD8DFA0C85}.Ad-Hoc|x86.ActiveCfg = Debug|Any CPU
		{50177C5E-08F6-4745-88B2-96FD8DFA0C85}.Ad-Hoc|x86.Build.0 = Debug|Any CPU
		{50177C5E-08F6-4745-88B2-96FD8DFA0C85}.AppStore|Any CPU.ActiveCfg = Debug|Any CPU
		{50177C5E-08F6-4745-88B2-96FD8DFA0C85}.AppStore|Any CPU.Build.0 = Debug|Any CPU
		{50177C5E-08F6-4745-88B2-96FD8DFA0C85}.AppStore|ARM.ActiveCfg = Debug|Any CPU
		{50177C5E-08F6-4745-88B2-96FD8DFA0C85}.AppStore|ARM.Build.0 = Debug|Any CPU
		{50177C5E-08F6-4745-88B2-96FD8DFA0C85}.AppStore|ARM64.ActiveCfg = Debug|Any CPU
		{50177C5E-08F6-4745-88B2-96FD8DFA0C85}.AppStore|ARM64.Build.0 = Debug|Any CPU
		{50177C5E-08F6-4745-88B2-96FD8DFA0C85}.AppStore|iPhone.ActiveCfg = Debug|Any CPU
		{50177C5E-08F6-4745-88B2-96FD8DFA0C85}.AppStore|iPhone.Build.0 = Debug|Any CPU
		{50177C5E-08F6-4745-88B2-96FD8DFA0C85}.AppStore|iPhoneSimulator.ActiveCfg = Debug|Any CPU
		{50177C5E-08F6-4745-88B2-96FD8DFA0C85}.AppStore|iPhoneSimulator.Build.0 = Debug|Any CPU
		{50177C5E-08F6-4745-88B2-96FD8DFA0C85}.AppStore|x64.ActiveCfg = Debug|Any CPU
		{50177C5E-08F6-4745-88B2-96FD8DFA0C85}.AppStore|x64.Build.0 = Debug|Any CPU
		{50177C5E-08F6-4745-88B2-96FD8DFA0C85}.AppStore|x86.ActiveCfg = Debug|Any CPU
		{50177C5E-08F6-4745-88B2-96FD8DFA0C85}.AppStore|x86.Build.0 = Debug|Any CPU
		{50177C5E-08F6-4745-88B2-96FD8DFA0C85}.Debug|Any CPU.ActiveCfg = Debug|Any CPU
		{50177C5E-08F6-4745-88B2-96FD8DFA0C85}.Debug|Any CPU.Build.0 = Debug|Any CPU
		{50177C5E-08F6-4745-88B2-96FD8DFA0C85}.Debug|ARM.ActiveCfg = Debug|Any CPU
		{50177C5E-08F6-4745-88B2-96FD8DFA0C85}.Debug|ARM.Build.0 = Debug|Any CPU
		{50177C5E-08F6-4745-88B2-96FD8DFA0C85}.Debug|ARM64.ActiveCfg = Debug|Any CPU
		{50177C5E-08F6-4745-88B2-96FD8DFA0C85}.Debug|ARM64.Build.0 = Debug|Any CPU
		{50177C5E-08F6-4745-88B2-96FD8DFA0C85}.Debug|iPhone.ActiveCfg = Debug|Any CPU
		{50177C5E-08F6-4745-88B2-96FD8DFA0C85}.Debug|iPhone.Build.0 = Debug|Any CPU
		{50177C5E-08F6-4745-88B2-96FD8DFA0C85}.Debug|iPhoneSimulator.ActiveCfg = Debug|Any CPU
		{50177C5E-08F6-4745-88B2-96FD8DFA0C85}.Debug|iPhoneSimulator.Build.0 = Debug|Any CPU
		{50177C5E-08F6-4745-88B2-96FD8DFA0C85}.Debug|x64.ActiveCfg = Debug|Any CPU
		{50177C5E-08F6-4745-88B2-96FD8DFA0C85}.Debug|x64.Build.0 = Debug|Any CPU
		{50177C5E-08F6-4745-88B2-96FD8DFA0C85}.Debug|x86.ActiveCfg = Debug|Any CPU
		{50177C5E-08F6-4745-88B2-96FD8DFA0C85}.Debug|x86.Build.0 = Debug|Any CPU
		{50177C5E-08F6-4745-88B2-96FD8DFA0C85}.Release|Any CPU.ActiveCfg = Release|Any CPU
		{50177C5E-08F6-4745-88B2-96FD8DFA0C85}.Release|Any CPU.Build.0 = Release|Any CPU
		{50177C5E-08F6-4745-88B2-96FD8DFA0C85}.Release|ARM.ActiveCfg = Release|Any CPU
		{50177C5E-08F6-4745-88B2-96FD8DFA0C85}.Release|ARM.Build.0 = Release|Any CPU
		{50177C5E-08F6-4745-88B2-96FD8DFA0C85}.Release|ARM64.ActiveCfg = Release|Any CPU
		{50177C5E-08F6-4745-88B2-96FD8DFA0C85}.Release|ARM64.Build.0 = Release|Any CPU
		{50177C5E-08F6-4745-88B2-96FD8DFA0C85}.Release|iPhone.ActiveCfg = Release|Any CPU
		{50177C5E-08F6-4745-88B2-96FD8DFA0C85}.Release|iPhone.Build.0 = Release|Any CPU
		{50177C5E-08F6-4745-88B2-96FD8DFA0C85}.Release|iPhoneSimulator.ActiveCfg = Release|Any CPU
		{50177C5E-08F6-4745-88B2-96FD8DFA0C85}.Release|iPhoneSimulator.Build.0 = Release|Any CPU
		{50177C5E-08F6-4745-88B2-96FD8DFA0C85}.Release|x64.ActiveCfg = Release|Any CPU
		{50177C5E-08F6-4745-88B2-96FD8DFA0C85}.Release|x64.Build.0 = Release|Any CPU
		{50177C5E-08F6-4745-88B2-96FD8DFA0C85}.Release|x86.ActiveCfg = Release|Any CPU
		{50177C5E-08F6-4745-88B2-96FD8DFA0C85}.Release|x86.Build.0 = Release|Any CPU
		{FDCF6568-44F5-4AA1-912E-668967EE626E}.Ad-Hoc|Any CPU.ActiveCfg = Debug|Any CPU
		{FDCF6568-44F5-4AA1-912E-668967EE626E}.Ad-Hoc|Any CPU.Build.0 = Debug|Any CPU
		{FDCF6568-44F5-4AA1-912E-668967EE626E}.Ad-Hoc|ARM.ActiveCfg = Debug|Any CPU
		{FDCF6568-44F5-4AA1-912E-668967EE626E}.Ad-Hoc|ARM.Build.0 = Debug|Any CPU
		{FDCF6568-44F5-4AA1-912E-668967EE626E}.Ad-Hoc|ARM64.ActiveCfg = Debug|Any CPU
		{FDCF6568-44F5-4AA1-912E-668967EE626E}.Ad-Hoc|ARM64.Build.0 = Debug|Any CPU
		{FDCF6568-44F5-4AA1-912E-668967EE626E}.Ad-Hoc|iPhone.ActiveCfg = Debug|Any CPU
		{FDCF6568-44F5-4AA1-912E-668967EE626E}.Ad-Hoc|iPhone.Build.0 = Debug|Any CPU
		{FDCF6568-44F5-4AA1-912E-668967EE626E}.Ad-Hoc|iPhoneSimulator.ActiveCfg = Debug|Any CPU
		{FDCF6568-44F5-4AA1-912E-668967EE626E}.Ad-Hoc|iPhoneSimulator.Build.0 = Debug|Any CPU
		{FDCF6568-44F5-4AA1-912E-668967EE626E}.Ad-Hoc|x64.ActiveCfg = Debug|Any CPU
		{FDCF6568-44F5-4AA1-912E-668967EE626E}.Ad-Hoc|x64.Build.0 = Debug|Any CPU
		{FDCF6568-44F5-4AA1-912E-668967EE626E}.Ad-Hoc|x86.ActiveCfg = Debug|Any CPU
		{FDCF6568-44F5-4AA1-912E-668967EE626E}.Ad-Hoc|x86.Build.0 = Debug|Any CPU
		{FDCF6568-44F5-4AA1-912E-668967EE626E}.AppStore|Any CPU.ActiveCfg = Debug|Any CPU
		{FDCF6568-44F5-4AA1-912E-668967EE626E}.AppStore|Any CPU.Build.0 = Debug|Any CPU
		{FDCF6568-44F5-4AA1-912E-668967EE626E}.AppStore|ARM.ActiveCfg = Debug|Any CPU
		{FDCF6568-44F5-4AA1-912E-668967EE626E}.AppStore|ARM.Build.0 = Debug|Any CPU
		{FDCF6568-44F5-4AA1-912E-668967EE626E}.AppStore|ARM64.ActiveCfg = Debug|Any CPU
		{FDCF6568-44F5-4AA1-912E-668967EE626E}.AppStore|ARM64.Build.0 = Debug|Any CPU
		{FDCF6568-44F5-4AA1-912E-668967EE626E}.AppStore|iPhone.ActiveCfg = Debug|Any CPU
		{FDCF6568-44F5-4AA1-912E-668967EE626E}.AppStore|iPhone.Build.0 = Debug|Any CPU
		{FDCF6568-44F5-4AA1-912E-668967EE626E}.AppStore|iPhoneSimulator.ActiveCfg = Debug|Any CPU
		{FDCF6568-44F5-4AA1-912E-668967EE626E}.AppStore|iPhoneSimulator.Build.0 = Debug|Any CPU
		{FDCF6568-44F5-4AA1-912E-668967EE626E}.AppStore|x64.ActiveCfg = Debug|Any CPU
		{FDCF6568-44F5-4AA1-912E-668967EE626E}.AppStore|x64.Build.0 = Debug|Any CPU
		{FDCF6568-44F5-4AA1-912E-668967EE626E}.AppStore|x86.ActiveCfg = Debug|Any CPU
		{FDCF6568-44F5-4AA1-912E-668967EE626E}.AppStore|x86.Build.0 = Debug|Any CPU
		{FDCF6568-44F5-4AA1-912E-668967EE626E}.Debug|Any CPU.ActiveCfg = Debug|Any CPU
		{FDCF6568-44F5-4AA1-912E-668967EE626E}.Debug|Any CPU.Build.0 = Debug|Any CPU
		{FDCF6568-44F5-4AA1-912E-668967EE626E}.Debug|ARM.ActiveCfg = Debug|Any CPU
		{FDCF6568-44F5-4AA1-912E-668967EE626E}.Debug|ARM.Build.0 = Debug|Any CPU
		{FDCF6568-44F5-4AA1-912E-668967EE626E}.Debug|ARM64.ActiveCfg = Debug|Any CPU
		{FDCF6568-44F5-4AA1-912E-668967EE626E}.Debug|ARM64.Build.0 = Debug|Any CPU
		{FDCF6568-44F5-4AA1-912E-668967EE626E}.Debug|iPhone.ActiveCfg = Debug|Any CPU
		{FDCF6568-44F5-4AA1-912E-668967EE626E}.Debug|iPhone.Build.0 = Debug|Any CPU
		{FDCF6568-44F5-4AA1-912E-668967EE626E}.Debug|iPhoneSimulator.ActiveCfg = Debug|Any CPU
		{FDCF6568-44F5-4AA1-912E-668967EE626E}.Debug|iPhoneSimulator.Build.0 = Debug|Any CPU
		{FDCF6568-44F5-4AA1-912E-668967EE626E}.Debug|x64.ActiveCfg = Debug|Any CPU
		{FDCF6568-44F5-4AA1-912E-668967EE626E}.Debug|x64.Build.0 = Debug|Any CPU
		{FDCF6568-44F5-4AA1-912E-668967EE626E}.Debug|x86.ActiveCfg = Debug|Any CPU
		{FDCF6568-44F5-4AA1-912E-668967EE626E}.Debug|x86.Build.0 = Debug|Any CPU
		{FDCF6568-44F5-4AA1-912E-668967EE626E}.Release|Any CPU.ActiveCfg = Release|Any CPU
		{FDCF6568-44F5-4AA1-912E-668967EE626E}.Release|Any CPU.Build.0 = Release|Any CPU
		{FDCF6568-44F5-4AA1-912E-668967EE626E}.Release|ARM.ActiveCfg = Release|Any CPU
		{FDCF6568-44F5-4AA1-912E-668967EE626E}.Release|ARM.Build.0 = Release|Any CPU
		{FDCF6568-44F5-4AA1-912E-668967EE626E}.Release|ARM64.ActiveCfg = Release|Any CPU
		{FDCF6568-44F5-4AA1-912E-668967EE626E}.Release|ARM64.Build.0 = Release|Any CPU
		{FDCF6568-44F5-4AA1-912E-668967EE626E}.Release|iPhone.ActiveCfg = Release|Any CPU
		{FDCF6568-44F5-4AA1-912E-668967EE626E}.Release|iPhone.Build.0 = Release|Any CPU
		{FDCF6568-44F5-4AA1-912E-668967EE626E}.Release|iPhoneSimulator.ActiveCfg = Release|Any CPU
		{FDCF6568-44F5-4AA1-912E-668967EE626E}.Release|iPhoneSimulator.Build.0 = Release|Any CPU
		{FDCF6568-44F5-4AA1-912E-668967EE626E}.Release|x64.ActiveCfg = Release|Any CPU
		{FDCF6568-44F5-4AA1-912E-668967EE626E}.Release|x64.Build.0 = Release|Any CPU
		{FDCF6568-44F5-4AA1-912E-668967EE626E}.Release|x86.ActiveCfg = Release|Any CPU
		{FDCF6568-44F5-4AA1-912E-668967EE626E}.Release|x86.Build.0 = Release|Any CPU
		{046AEFA0-221A-4141-8A5C-7ED4F4C5B898}.Ad-Hoc|Any CPU.ActiveCfg = Debug|Any CPU
		{046AEFA0-221A-4141-8A5C-7ED4F4C5B898}.Ad-Hoc|Any CPU.Build.0 = Debug|Any CPU
		{046AEFA0-221A-4141-8A5C-7ED4F4C5B898}.Ad-Hoc|ARM.ActiveCfg = Debug|Any CPU
		{046AEFA0-221A-4141-8A5C-7ED4F4C5B898}.Ad-Hoc|ARM.Build.0 = Debug|Any CPU
		{046AEFA0-221A-4141-8A5C-7ED4F4C5B898}.Ad-Hoc|ARM64.ActiveCfg = Debug|Any CPU
		{046AEFA0-221A-4141-8A5C-7ED4F4C5B898}.Ad-Hoc|ARM64.Build.0 = Debug|Any CPU
		{046AEFA0-221A-4141-8A5C-7ED4F4C5B898}.Ad-Hoc|iPhone.ActiveCfg = Debug|Any CPU
		{046AEFA0-221A-4141-8A5C-7ED4F4C5B898}.Ad-Hoc|iPhone.Build.0 = Debug|Any CPU
		{046AEFA0-221A-4141-8A5C-7ED4F4C5B898}.Ad-Hoc|iPhoneSimulator.ActiveCfg = Debug|Any CPU
		{046AEFA0-221A-4141-8A5C-7ED4F4C5B898}.Ad-Hoc|iPhoneSimulator.Build.0 = Debug|Any CPU
		{046AEFA0-221A-4141-8A5C-7ED4F4C5B898}.Ad-Hoc|x64.ActiveCfg = Debug|Any CPU
		{046AEFA0-221A-4141-8A5C-7ED4F4C5B898}.Ad-Hoc|x64.Build.0 = Debug|Any CPU
		{046AEFA0-221A-4141-8A5C-7ED4F4C5B898}.Ad-Hoc|x86.ActiveCfg = Debug|Any CPU
		{046AEFA0-221A-4141-8A5C-7ED4F4C5B898}.Ad-Hoc|x86.Build.0 = Debug|Any CPU
		{046AEFA0-221A-4141-8A5C-7ED4F4C5B898}.AppStore|Any CPU.ActiveCfg = Debug|Any CPU
		{046AEFA0-221A-4141-8A5C-7ED4F4C5B898}.AppStore|Any CPU.Build.0 = Debug|Any CPU
		{046AEFA0-221A-4141-8A5C-7ED4F4C5B898}.AppStore|ARM.ActiveCfg = Debug|Any CPU
		{046AEFA0-221A-4141-8A5C-7ED4F4C5B898}.AppStore|ARM.Build.0 = Debug|Any CPU
		{046AEFA0-221A-4141-8A5C-7ED4F4C5B898}.AppStore|ARM64.ActiveCfg = Debug|Any CPU
		{046AEFA0-221A-4141-8A5C-7ED4F4C5B898}.AppStore|ARM64.Build.0 = Debug|Any CPU
		{046AEFA0-221A-4141-8A5C-7ED4F4C5B898}.AppStore|iPhone.ActiveCfg = Debug|Any CPU
		{046AEFA0-221A-4141-8A5C-7ED4F4C5B898}.AppStore|iPhone.Build.0 = Debug|Any CPU
		{046AEFA0-221A-4141-8A5C-7ED4F4C5B898}.AppStore|iPhoneSimulator.ActiveCfg = Debug|Any CPU
		{046AEFA0-221A-4141-8A5C-7ED4F4C5B898}.AppStore|iPhoneSimulator.Build.0 = Debug|Any CPU
		{046AEFA0-221A-4141-8A5C-7ED4F4C5B898}.AppStore|x64.ActiveCfg = Debug|Any CPU
		{046AEFA0-221A-4141-8A5C-7ED4F4C5B898}.AppStore|x64.Build.0 = Debug|Any CPU
		{046AEFA0-221A-4141-8A5C-7ED4F4C5B898}.AppStore|x86.ActiveCfg = Debug|Any CPU
		{046AEFA0-221A-4141-8A5C-7ED4F4C5B898}.AppStore|x86.Build.0 = Debug|Any CPU
		{046AEFA0-221A-4141-8A5C-7ED4F4C5B898}.Debug|Any CPU.ActiveCfg = Debug|Any CPU
		{046AEFA0-221A-4141-8A5C-7ED4F4C5B898}.Debug|Any CPU.Build.0 = Debug|Any CPU
		{046AEFA0-221A-4141-8A5C-7ED4F4C5B898}.Debug|ARM.ActiveCfg = Debug|Any CPU
		{046AEFA0-221A-4141-8A5C-7ED4F4C5B898}.Debug|ARM.Build.0 = Debug|Any CPU
		{046AEFA0-221A-4141-8A5C-7ED4F4C5B898}.Debug|ARM64.ActiveCfg = Debug|Any CPU
		{046AEFA0-221A-4141-8A5C-7ED4F4C5B898}.Debug|ARM64.Build.0 = Debug|Any CPU
		{046AEFA0-221A-4141-8A5C-7ED4F4C5B898}.Debug|iPhone.ActiveCfg = Debug|Any CPU
		{046AEFA0-221A-4141-8A5C-7ED4F4C5B898}.Debug|iPhone.Build.0 = Debug|Any CPU
		{046AEFA0-221A-4141-8A5C-7ED4F4C5B898}.Debug|iPhoneSimulator.ActiveCfg = Debug|Any CPU
		{046AEFA0-221A-4141-8A5C-7ED4F4C5B898}.Debug|iPhoneSimulator.Build.0 = Debug|Any CPU
		{046AEFA0-221A-4141-8A5C-7ED4F4C5B898}.Debug|x64.ActiveCfg = Debug|Any CPU
		{046AEFA0-221A-4141-8A5C-7ED4F4C5B898}.Debug|x64.Build.0 = Debug|Any CPU
		{046AEFA0-221A-4141-8A5C-7ED4F4C5B898}.Debug|x86.ActiveCfg = Debug|Any CPU
		{046AEFA0-221A-4141-8A5C-7ED4F4C5B898}.Debug|x86.Build.0 = Debug|Any CPU
		{046AEFA0-221A-4141-8A5C-7ED4F4C5B898}.Release|Any CPU.ActiveCfg = Release|Any CPU
		{046AEFA0-221A-4141-8A5C-7ED4F4C5B898}.Release|Any CPU.Build.0 = Release|Any CPU
		{046AEFA0-221A-4141-8A5C-7ED4F4C5B898}.Release|ARM.ActiveCfg = Release|Any CPU
		{046AEFA0-221A-4141-8A5C-7ED4F4C5B898}.Release|ARM.Build.0 = Release|Any CPU
		{046AEFA0-221A-4141-8A5C-7ED4F4C5B898}.Release|ARM64.ActiveCfg = Release|Any CPU
		{046AEFA0-221A-4141-8A5C-7ED4F4C5B898}.Release|ARM64.Build.0 = Release|Any CPU
		{046AEFA0-221A-4141-8A5C-7ED4F4C5B898}.Release|iPhone.ActiveCfg = Release|Any CPU
		{046AEFA0-221A-4141-8A5C-7ED4F4C5B898}.Release|iPhone.Build.0 = Release|Any CPU
		{046AEFA0-221A-4141-8A5C-7ED4F4C5B898}.Release|iPhoneSimulator.ActiveCfg = Release|Any CPU
		{046AEFA0-221A-4141-8A5C-7ED4F4C5B898}.Release|iPhoneSimulator.Build.0 = Release|Any CPU
		{046AEFA0-221A-4141-8A5C-7ED4F4C5B898}.Release|x64.ActiveCfg = Release|Any CPU
		{046AEFA0-221A-4141-8A5C-7ED4F4C5B898}.Release|x64.Build.0 = Release|Any CPU
		{046AEFA0-221A-4141-8A5C-7ED4F4C5B898}.Release|x86.ActiveCfg = Release|Any CPU
		{046AEFA0-221A-4141-8A5C-7ED4F4C5B898}.Release|x86.Build.0 = Release|Any CPU
		{D9B575AC-E10C-410E-8829-C91D5BF9530B}.Ad-Hoc|Any CPU.ActiveCfg = Debug|Any CPU
		{D9B575AC-E10C-410E-8829-C91D5BF9530B}.Ad-Hoc|Any CPU.Build.0 = Debug|Any CPU
		{D9B575AC-E10C-410E-8829-C91D5BF9530B}.Ad-Hoc|ARM.ActiveCfg = Debug|Any CPU
		{D9B575AC-E10C-410E-8829-C91D5BF9530B}.Ad-Hoc|ARM.Build.0 = Debug|Any CPU
		{D9B575AC-E10C-410E-8829-C91D5BF9530B}.Ad-Hoc|ARM64.ActiveCfg = Debug|Any CPU
		{D9B575AC-E10C-410E-8829-C91D5BF9530B}.Ad-Hoc|ARM64.Build.0 = Debug|Any CPU
		{D9B575AC-E10C-410E-8829-C91D5BF9530B}.Ad-Hoc|iPhone.ActiveCfg = Debug|Any CPU
		{D9B575AC-E10C-410E-8829-C91D5BF9530B}.Ad-Hoc|iPhone.Build.0 = Debug|Any CPU
		{D9B575AC-E10C-410E-8829-C91D5BF9530B}.Ad-Hoc|iPhoneSimulator.ActiveCfg = Debug|Any CPU
		{D9B575AC-E10C-410E-8829-C91D5BF9530B}.Ad-Hoc|iPhoneSimulator.Build.0 = Debug|Any CPU
		{D9B575AC-E10C-410E-8829-C91D5BF9530B}.Ad-Hoc|x64.ActiveCfg = Debug|Any CPU
		{D9B575AC-E10C-410E-8829-C91D5BF9530B}.Ad-Hoc|x64.Build.0 = Debug|Any CPU
		{D9B575AC-E10C-410E-8829-C91D5BF9530B}.Ad-Hoc|x86.ActiveCfg = Debug|Any CPU
		{D9B575AC-E10C-410E-8829-C91D5BF9530B}.Ad-Hoc|x86.Build.0 = Debug|Any CPU
		{D9B575AC-E10C-410E-8829-C91D5BF9530B}.AppStore|Any CPU.ActiveCfg = Debug|Any CPU
		{D9B575AC-E10C-410E-8829-C91D5BF9530B}.AppStore|Any CPU.Build.0 = Debug|Any CPU
		{D9B575AC-E10C-410E-8829-C91D5BF9530B}.AppStore|ARM.ActiveCfg = Debug|Any CPU
		{D9B575AC-E10C-410E-8829-C91D5BF9530B}.AppStore|ARM.Build.0 = Debug|Any CPU
		{D9B575AC-E10C-410E-8829-C91D5BF9530B}.AppStore|ARM64.ActiveCfg = Debug|Any CPU
		{D9B575AC-E10C-410E-8829-C91D5BF9530B}.AppStore|ARM64.Build.0 = Debug|Any CPU
		{D9B575AC-E10C-410E-8829-C91D5BF9530B}.AppStore|iPhone.ActiveCfg = Debug|Any CPU
		{D9B575AC-E10C-410E-8829-C91D5BF9530B}.AppStore|iPhone.Build.0 = Debug|Any CPU
		{D9B575AC-E10C-410E-8829-C91D5BF9530B}.AppStore|iPhoneSimulator.ActiveCfg = Debug|Any CPU
		{D9B575AC-E10C-410E-8829-C91D5BF9530B}.AppStore|iPhoneSimulator.Build.0 = Debug|Any CPU
		{D9B575AC-E10C-410E-8829-C91D5BF9530B}.AppStore|x64.ActiveCfg = Debug|Any CPU
		{D9B575AC-E10C-410E-8829-C91D5BF9530B}.AppStore|x64.Build.0 = Debug|Any CPU
		{D9B575AC-E10C-410E-8829-C91D5BF9530B}.AppStore|x86.ActiveCfg = Debug|Any CPU
		{D9B575AC-E10C-410E-8829-C91D5BF9530B}.AppStore|x86.Build.0 = Debug|Any CPU
		{D9B575AC-E10C-410E-8829-C91D5BF9530B}.Debug|Any CPU.ActiveCfg = Debug|Any CPU
		{D9B575AC-E10C-410E-8829-C91D5BF9530B}.Debug|Any CPU.Build.0 = Debug|Any CPU
		{D9B575AC-E10C-410E-8829-C91D5BF9530B}.Debug|ARM.ActiveCfg = Debug|Any CPU
		{D9B575AC-E10C-410E-8829-C91D5BF9530B}.Debug|ARM.Build.0 = Debug|Any CPU
		{D9B575AC-E10C-410E-8829-C91D5BF9530B}.Debug|ARM64.ActiveCfg = Debug|Any CPU
		{D9B575AC-E10C-410E-8829-C91D5BF9530B}.Debug|ARM64.Build.0 = Debug|Any CPU
		{D9B575AC-E10C-410E-8829-C91D5BF9530B}.Debug|iPhone.ActiveCfg = Debug|Any CPU
		{D9B575AC-E10C-410E-8829-C91D5BF9530B}.Debug|iPhone.Build.0 = Debug|Any CPU
		{D9B575AC-E10C-410E-8829-C91D5BF9530B}.Debug|iPhoneSimulator.ActiveCfg = Debug|Any CPU
		{D9B575AC-E10C-410E-8829-C91D5BF9530B}.Debug|iPhoneSimulator.Build.0 = Debug|Any CPU
		{D9B575AC-E10C-410E-8829-C91D5BF9530B}.Debug|x64.ActiveCfg = Debug|Any CPU
		{D9B575AC-E10C-410E-8829-C91D5BF9530B}.Debug|x64.Build.0 = Debug|Any CPU
		{D9B575AC-E10C-410E-8829-C91D5BF9530B}.Debug|x86.ActiveCfg = Debug|Any CPU
		{D9B575AC-E10C-410E-8829-C91D5BF9530B}.Debug|x86.Build.0 = Debug|Any CPU
		{D9B575AC-E10C-410E-8829-C91D5BF9530B}.Release|Any CPU.ActiveCfg = Release|Any CPU
		{D9B575AC-E10C-410E-8829-C91D5BF9530B}.Release|Any CPU.Build.0 = Release|Any CPU
		{D9B575AC-E10C-410E-8829-C91D5BF9530B}.Release|ARM.ActiveCfg = Release|Any CPU
		{D9B575AC-E10C-410E-8829-C91D5BF9530B}.Release|ARM.Build.0 = Release|Any CPU
		{D9B575AC-E10C-410E-8829-C91D5BF9530B}.Release|ARM64.ActiveCfg = Release|Any CPU
		{D9B575AC-E10C-410E-8829-C91D5BF9530B}.Release|ARM64.Build.0 = Release|Any CPU
		{D9B575AC-E10C-410E-8829-C91D5BF9530B}.Release|iPhone.ActiveCfg = Release|Any CPU
		{D9B575AC-E10C-410E-8829-C91D5BF9530B}.Release|iPhone.Build.0 = Release|Any CPU
		{D9B575AC-E10C-410E-8829-C91D5BF9530B}.Release|iPhoneSimulator.ActiveCfg = Release|Any CPU
		{D9B575AC-E10C-410E-8829-C91D5BF9530B}.Release|iPhoneSimulator.Build.0 = Release|Any CPU
		{D9B575AC-E10C-410E-8829-C91D5BF9530B}.Release|x64.ActiveCfg = Release|Any CPU
		{D9B575AC-E10C-410E-8829-C91D5BF9530B}.Release|x64.Build.0 = Release|Any CPU
		{D9B575AC-E10C-410E-8829-C91D5BF9530B}.Release|x86.ActiveCfg = Release|Any CPU
		{D9B575AC-E10C-410E-8829-C91D5BF9530B}.Release|x86.Build.0 = Release|Any CPU
	EndGlobalSection
	GlobalSection(SolutionProperties) = preSolution
		HideSolutionNode = FALSE
	EndGlobalSection
	GlobalSection(NestedProjects) = preSolution
		{8ABBE77D-30CC-4BE5-99A0-DE2D0980C373} = {B4E02728-F125-45DE-B4AC-5F7AF7E4BD65}
		{8B8CD21F-2136-4D9E-900B-D000BF9F7C17} = {B4E02728-F125-45DE-B4AC-5F7AF7E4BD65}
		{C32EF642-1CDB-43A3-B76C-5E1BD36625E8} = {B4E02728-F125-45DE-B4AC-5F7AF7E4BD65}
		{30E95DC3-75EF-499C-A21E-0900577581C9} = {B4E02728-F125-45DE-B4AC-5F7AF7E4BD65}
		{0FEE0666-8981-454E-9A1A-F8E69EA84CAD} = {B4E02728-F125-45DE-B4AC-5F7AF7E4BD65}
		{DE94610E-187E-420E-A918-11DE7F734283} = {B4E02728-F125-45DE-B4AC-5F7AF7E4BD65}
		{50177C5E-08F6-4745-88B2-96FD8DFA0C85} = {B4E02728-F125-45DE-B4AC-5F7AF7E4BD65}
		{FDCF6568-44F5-4AA1-912E-668967EE626E} = {B4E02728-F125-45DE-B4AC-5F7AF7E4BD65}
		{046AEFA0-221A-4141-8A5C-7ED4F4C5B898} = {B4E02728-F125-45DE-B4AC-5F7AF7E4BD65}
	EndGlobalSection
	GlobalSection(ExtensibilityGlobals) = postSolution
		SolutionGuid = {74DA5CBB-1223-464A-BDAA-2C4E75108BED}
	EndGlobalSection
EndGlobal
